
Microsoft Visual Studio Solution File, Format Version 12.00
# Visual Studio Version 17
VisualStudioVersion = 17.10.34916.146
MinimumVisualStudioVersion = 10.0.40219.1
Project("{FAE04EC0-301F-11D3-BF4B-00C04F79EFBC}") = "RayTracing", "RayTracing\RayTracing.csproj", "{5CD2F994-52DD-497E-A16E-F411AFB70BAA}"
EndProject
Global
	GlobalSection(SolutionConfigurationPlatforms) = preSolution
		Debug|Any CPU = Debug|Any CPU
		Release|Any CPU = Release|Any CPU
	EndGlobalSection
	GlobalSection(ProjectConfigurationPlatforms) = postSolution
		{5CD2F994-52DD-497E-A16E-F411AFB70BAA}.Debug|Any CPU.ActiveCfg = Debug|Any CPU
		{5CD2F994-52DD-497E-A16E-F411AFB70BAA}.Debug|Any CPU.Build.0 = Debug|Any CPU
		{5CD2F994-52DD-497E-A16E-F411AFB70BAA}.Release|Any CPU.ActiveCfg = Release|Any CPU
		{5CD2F994-52DD-497E-A16E-F411AFB70BAA}.Release|Any CPU.Build.0 = Release|Any CPU
	EndGlobalSection
	GlobalSection(SolutionProperties) = preSolution
		HideSolutionNode = FALSE
	EndGlobalSection
	GlobalSection(ExtensibilityGlobals) = postSolution
		SolutionGuid = {EF7A6D4B-E1AC-47DE-AAB9-2A8E533A4C34}
	EndGlobalSection
EndGlobal
